
Microsoft Visual Studio Solution File, Format Version 12.00
# Visual Studio Version 17
VisualStudioVersion = 17.4.33122.133
MinimumVisualStudioVersion = 10.0.40219.1
Project("{FAE04EC0-301F-11D3-BF4B-00C04F79EFBC}") = "szofttech", "szofttech.csproj", "{016E227A-AE7D-4DAE-A30B-AD716CAD0BFF}"
EndProject
Global
	GlobalSection(SolutionConfigurationPlatforms) = preSolution
		Debug|Any CPU = Debug|Any CPU
		Release|Any CPU = Release|Any CPU
	EndGlobalSection
	GlobalSection(ProjectConfigurationPlatforms) = postSolution
		{016E227A-AE7D-4DAE-A30B-AD716CAD0BFF}.Debug|Any CPU.ActiveCfg = Debug|Any CPU
		{016E227A-AE7D-4DAE-A30B-AD716CAD0BFF}.Debug|Any CPU.Build.0 = Debug|Any CPU
		{016E227A-AE7D-4DAE-A30B-AD716CAD0BFF}.Release|Any CPU.ActiveCfg = Release|Any CPU
		{016E227A-AE7D-4DAE-A30B-AD716CAD0BFF}.Release|Any CPU.Build.0 = Release|Any CPU
	EndGlobalSection
	GlobalSection(SolutionProperties) = preSolution
		HideSolutionNode = FALSE
	EndGlobalSection
	GlobalSection(ExtensibilityGlobals) = postSolution
		SolutionGuid = {C4AB2DF4-EA1D-48AC-8BE4-AB67E78F3C1D}
	EndGlobalSection
EndGlobal
